{
	"name": "cf-kv-update",
	"version": "0.0.0",
	"lockfileVersion": 3,
	"requires": true,
	"packages": {
		"": {
			"name": "cf-kv-update",
			"version": "0.0.0",
			"dependencies": {
				"crypto-js": "^4.2.0"
			},
			"devDependencies": {
				"@cloudflare/vitest-pool-workers": "^0.8.19",
				"vitest": "~3.2.0",
				"wrangler": "^4.51.0"
			}
		},
		"node_modules/@cloudflare/kv-asset-handler": {
			"version": "0.4.1",
			"dev": true,
			"license": "MIT OR Apache-2.0",
			"dependencies": {
				"mime": "^3.0.0"
			},
			"engines": {
				"node": ">=18.0.0"
			}
		},
		"node_modules/@cloudflare/unenv-preset": {
			"version": "2.7.11",
			"dev": true,
			"license": "MIT OR Apache-2.0",
			"peerDependencies": {
				"unenv": "2.0.0-rc.24",
				"workerd": "^1.20251106.1"
			},
			"peerDependenciesMeta": {
				"workerd": {
					"optional": true
				}
			}
		},
		"node_modules/@cloudflare/vitest-pool-workers": {
			"version": "0.8.71",
			"dev": true,
			"license": "MIT",
			"dependencies": {
				"birpc": "0.2.14",
				"cjs-module-lexer": "^1.2.3",
				"devalue": "^5.3.2",
				"miniflare": "4.20250906.0",
				"semver": "^7.7.1",
				"wrangler": "4.35.0",
				"zod": "^3.22.3"
			},
			"peerDependencies": {
				"@vitest/runner": "2.0.x - 3.2.x",
				"@vitest/snapshot": "2.0.x - 3.2.x",
				"vitest": "2.0.x - 3.2.x"
			}
		},
		"node_modules/@cloudflare/vitest-pool-workers/node_modules/@cloudflare/kv-asset-handler": {
			"version": "0.4.0",
			"dev": true,
			"license": "MIT OR Apache-2.0",
			"dependencies": {
				"mime": "^3.0.0"
			},
			"engines": {
				"node": ">=18.0.0"
			}
		},
		"node_modules/@cloudflare/vitest-pool-workers/node_modules/@cloudflare/unenv-preset": {
			"version": "2.7.3",
			"dev": true,
			"license": "MIT OR Apache-2.0",
			"peerDependencies": {
				"unenv": "2.0.0-rc.21",
				"workerd": "^1.20250828.1"
			},
			"peerDependenciesMeta": {
				"workerd": {
					"optional": true
				}
			}
		},
		"node_modules/@cloudflare/vitest-pool-workers/node_modules/@cloudflare/workerd-darwin-64": {
			"version": "1.20250906.0",
			"resolved": "https://registry.npmjs.org/@cloudflare/workerd-darwin-64/-/workerd-darwin-64-1.20250906.0.tgz",
			"integrity": "sha512-E+X/YYH9BmX0ew2j/mAWFif2z05NMNuhCTlNYEGLkqMe99K15UewBqajL9pMcMUKxylnlrEoK3VNxl33DkbnPA==",
			"cpu": [
				"x64"
			],
			"dev": true,
			"optional": true,
			"os": [
				"darwin"
			],
			"engines": {
				"node": ">=16"
			}
		},
		"node_modules/@cloudflare/vitest-pool-workers/node_modules/@cloudflare/workerd-darwin-arm64": {
			"version": "1.20250906.0",
			"resolved": "https://registry.npmjs.org/@cloudflare/workerd-darwin-arm64/-/workerd-darwin-arm64-1.20250906.0.tgz",
			"integrity": "sha512-X5apsZ1SFW4FYTM19ISHf8005FJMPfrcf4U5rO0tdj+TeJgQgXuZ57IG0WeW7SpLVeBo8hM6WC8CovZh41AfnA==",
			"cpu": [
				"arm64"
			],
			"dev": true,
			"optional": true,
			"os": [
				"darwin"
			],
			"engines": {
				"node": ">=16"
			}
		},
		"node_modules/@cloudflare/vitest-pool-workers/node_modules/@cloudflare/workerd-linux-64": {
			"version": "1.20250906.0",
			"resolved": "https://registry.npmjs.org/@cloudflare/workerd-linux-64/-/workerd-linux-64-1.20250906.0.tgz",
			"integrity": "sha512-rlKzWgsLnlQ5Nt9W69YBJKcmTmZbOGu0edUsenXPmc6wzULUxoQpi7ZE9k3TfTonJx4WoQsQlzCUamRYFsX+0Q==",
			"cpu": [
				"x64"
			],
			"dev": true,
			"optional": true,
			"os": [
				"linux"
			],
			"engines": {
				"node": ">=16"
			}
		},
		"node_modules/@cloudflare/vitest-pool-workers/node_modules/@cloudflare/workerd-linux-arm64": {
			"version": "1.20250906.0",
			"resolved": "https://registry.npmjs.org/@cloudflare/workerd-linux-arm64/-/workerd-linux-arm64-1.20250906.0.tgz",
			"integrity": "sha512-DdedhiQ+SeLzpg7BpcLrIPEZ33QKioJQ1wvL4X7nuLzEB9rWzS37NNNahQzc1+44rhG4fyiHbXBPOeox4B9XVA==",
			"cpu": [
				"arm64"
			],
			"dev": true,
			"optional": true,
			"os": [
				"linux"
			],
			"engines": {
				"node": ">=16"
			}
		},
		"node_modules/@cloudflare/vitest-pool-workers/node_modules/@cloudflare/workerd-windows-64": {
			"version": "1.20250906.0",
			"resolved": "https://registry.npmjs.org/@cloudflare/workerd-windows-64/-/workerd-windows-64-1.20250906.0.tgz",
			"integrity": "sha512-Q8Qjfs8jGVILnZL6vUpQ90q/8MTCYaGR3d1LGxZMBqte8Vr7xF3KFHPEy7tFs0j0mMjnqCYzlofmPNY+9ZaDRg==",
			"cpu": [
				"x64"
			],
			"dev": true,
			"optional": true,
			"os": [
				"win32"
			],
			"engines": {
				"node": ">=16"
			}
		},
		"node_modules/@cloudflare/vitest-pool-workers/node_modules/@esbuild/darwin-arm64": {
			"version": "0.25.4",
			"cpu": [
				"arm64"
			],
			"dev": true,
			"license": "MIT",
			"optional": true,
			"os": [
				"darwin"
			],
			"engines": {
				"node": ">=18"
			}
		},
		"node_modules/@cloudflare/vitest-pool-workers/node_modules/esbuild": {
			"version": "0.25.4",
			"dev": true,
			"hasInstallScript": true,
			"license": "MIT",
			"bin": {
				"esbuild": "bin/esbuild"
			},
			"engines": {
				"node": ">=18"
			},
			"optionalDependencies": {
				"@esbuild/aix-ppc64": "0.25.4",
				"@esbuild/android-arm": "0.25.4",
				"@esbuild/android-arm64": "0.25.4",
				"@esbuild/android-x64": "0.25.4",
				"@esbuild/darwin-arm64": "0.25.4",
				"@esbuild/darwin-x64": "0.25.4",
				"@esbuild/freebsd-arm64": "0.25.4",
				"@esbuild/freebsd-x64": "0.25.4",
				"@esbuild/linux-arm": "0.25.4",
				"@esbuild/linux-arm64": "0.25.4",
				"@esbuild/linux-ia32": "0.25.4",
				"@esbuild/linux-loong64": "0.25.4",
				"@esbuild/linux-mips64el": "0.25.4",
				"@esbuild/linux-ppc64": "0.25.4",
				"@esbuild/linux-riscv64": "0.25.4",
				"@esbuild/linux-s390x": "0.25.4",
				"@esbuild/linux-x64": "0.25.4",
				"@esbuild/netbsd-arm64": "0.25.4",
				"@esbuild/netbsd-x64": "0.25.4",
				"@esbuild/openbsd-arm64": "0.25.4",
				"@esbuild/openbsd-x64": "0.25.4",
				"@esbuild/sunos-x64": "0.25.4",
				"@esbuild/win32-arm64": "0.25.4",
				"@esbuild/win32-ia32": "0.25.4",
				"@esbuild/win32-x64": "0.25.4"
			}
		},
		"node_modules/@cloudflare/vitest-pool-workers/node_modules/unenv": {
			"version": "2.0.0-rc.21",
			"dev": true,
			"license": "MIT",
			"dependencies": {
				"defu": "^6.1.4",
				"exsolve": "^1.0.7",
				"ohash": "^2.0.11",
				"pathe": "^2.0.3",
				"ufo": "^1.6.1"
			}
		},
		"node_modules/@cloudflare/vitest-pool-workers/node_modules/workerd": {
			"version": "1.20250906.0",
			"resolved": "https://registry.npmjs.org/workerd/-/workerd-1.20250906.0.tgz",
			"integrity": "sha512-ryVyEaqXPPsr/AxccRmYZZmDAkfQVjhfRqrNTlEeN8aftBk6Ca1u7/VqmfOayjCXrA+O547TauebU+J3IpvFXw==",
			"dev": true,
			"hasInstallScript": true,
			"bin": {
				"workerd": "bin/workerd"
			},
			"engines": {
				"node": ">=16"
			},
			"optionalDependencies": {
				"@cloudflare/workerd-darwin-64": "1.20250906.0",
				"@cloudflare/workerd-darwin-arm64": "1.20250906.0",
				"@cloudflare/workerd-linux-64": "1.20250906.0",
				"@cloudflare/workerd-linux-arm64": "1.20250906.0",
				"@cloudflare/workerd-windows-64": "1.20250906.0"
			}
		},
		"node_modules/@cloudflare/vitest-pool-workers/node_modules/wrangler": {
			"version": "4.35.0",
			"dev": true,
			"license": "MIT OR Apache-2.0",
			"dependencies": {
				"@cloudflare/kv-asset-handler": "0.4.0",
				"@cloudflare/unenv-preset": "2.7.3",
				"blake3-wasm": "2.1.5",
				"esbuild": "0.25.4",
				"miniflare": "4.20250906.0",
				"path-to-regexp": "6.3.0",
				"unenv": "2.0.0-rc.21",
				"workerd": "1.20250906.0"
			},
			"bin": {
				"wrangler": "bin/wrangler.js",
				"wrangler2": "bin/wrangler.js"
			},
			"engines": {
				"node": ">=18.0.0"
			},
			"optionalDependencies": {
				"fsevents": "~2.3.2"
			},
			"peerDependencies": {
				"@cloudflare/workers-types": "^4.20250906.0"
			},
			"peerDependenciesMeta": {
				"@cloudflare/workers-types": {
					"optional": true
				}
			}
		},
		"node_modules/@cloudflare/workerd-darwin-64": {
			"version": "1.20251202.0",
			"resolved": "https://registry.npmjs.org/@cloudflare/workerd-darwin-64/-/workerd-darwin-64-1.20251202.0.tgz",
			"integrity": "sha512-/uvEAWEukTWb1geHhbjGUeZqcSSSyYzp0mvoPUBl+l0ont4NVGao3fgwM0q8wtKvgoKCHSG6zcG23wj9Opj3Nw==",
			"cpu": [
				"x64"
			],
			"dev": true,
			"optional": true,
			"os": [
				"darwin"
			],
			"peer": true,
			"engines": {
				"node": ">=16"
			}
		},
		"node_modules/@cloudflare/workerd-darwin-arm64": {
			"version": "1.20251202.0",
			"resolved": "https://registry.npmjs.org/@cloudflare/workerd-darwin-arm64/-/workerd-darwin-arm64-1.20251202.0.tgz",
			"integrity": "sha512-f52xRvcI9cWRd6400EZStRtXiRC5XKEud7K5aFIbbUv0VeINltujFQQ9nHWtsF6g1quIXWkjhh5u01gPAYNNXA==",
			"cpu": [
				"arm64"
			],
			"dev": true,
			"optional": true,
			"os": [
				"darwin"
			],
			"peer": true,
			"engines": {
				"node": ">=16"
			}
		},
		"node_modules/@cloudflare/workerd-linux-64": {
			"version": "1.20251202.0",
			"resolved": "https://registry.npmjs.org/@cloudflare/workerd-linux-64/-/workerd-linux-64-1.20251202.0.tgz",
			"integrity": "sha512-HYXinF5RBH7oXbsFUMmwKCj+WltpYbf5mRKUBG5v3EuPhUjSIFB84U+58pDyfBJjcynHdy3EtvTWcvh/+lcgow==",
			"cpu": [
				"x64"
			],
			"dev": true,
			"optional": true,
			"os": [
				"linux"
			],
			"peer": true,
			"engines": {
				"node": ">=16"
			}
		},
		"node_modules/@cloudflare/workerd-linux-arm64": {
			"version": "1.20251202.0",
			"resolved": "https://registry.npmjs.org/@cloudflare/workerd-linux-arm64/-/workerd-linux-arm64-1.20251202.0.tgz",
			"integrity": "sha512-++L02Jdoxz7hEA9qDaQjbVU1RzQS+S+eqIi22DkPe2Tgiq2M3UfNpeu+75k5L9DGRIkZPYvwMBMbcmKvQqdIIg==",
			"cpu": [
				"arm64"
			],
			"dev": true,
			"optional": true,
			"os": [
				"linux"
			],
			"peer": true,
			"engines": {
				"node": ">=16"
			}
		},
		"node_modules/@cloudflare/workerd-windows-64": {
			"version": "1.20251202.0",
			"resolved": "https://registry.npmjs.org/@cloudflare/workerd-windows-64/-/workerd-windows-64-1.20251202.0.tgz",
			"integrity": "sha512-gzeU6eDydTi7ib+Q9DD/c0hpXtqPucnHk2tfGU03mljPObYxzMkkPGgB5qxpksFvub3y4K0ChjqYxGJB4F+j3g==",
			"cpu": [
				"x64"
			],
			"dev": true,
			"optional": true,
			"os": [
				"win32"
			],
			"peer": true,
			"engines": {
				"node": ">=16"
			}
		},
		"node_modules/@cspotcode/source-map-support": {
			"version": "0.8.1",
			"dev": true,
			"license": "MIT",
			"dependencies": {
				"@jridgewell/trace-mapping": "0.3.9"
			},
			"engines": {
				"node": ">=12"
			}
		},
		"node_modules/@esbuild/darwin-arm64": {
			"version": "0.25.12",
			"cpu": [
				"arm64"
			],
			"dev": true,
			"license": "MIT",
			"optional": true,
			"os": [
				"darwin"
			],
			"engines": {
				"node": ">=18"
			}
		},
		"node_modules/@img/sharp-darwin-arm64": {
			"version": "0.33.5",
			"cpu": [
				"arm64"
			],
			"dev": true,
			"license": "Apache-2.0",
			"optional": true,
			"os": [
				"darwin"
			],
			"engines": {
				"node": "^18.17.0 || ^20.3.0 || >=21.0.0"
			},
			"funding": {
				"url": "https://opencollective.com/libvips"
			},
			"optionalDependencies": {
				"@img/sharp-libvips-darwin-arm64": "1.0.4"
			}
		},
		"node_modules/@img/sharp-libvips-darwin-arm64": {
			"version": "1.0.4",
			"cpu": [
				"arm64"
			],
			"dev": true,
			"license": "LGPL-3.0-or-later",
			"optional": true,
			"os": [
				"darwin"
			],
			"funding": {
				"url": "https://opencollective.com/libvips"
			}
		},
		"node_modules/@jridgewell/resolve-uri": {
			"version": "3.1.2",
			"dev": true,
			"license": "MIT",
			"engines": {
				"node": ">=6.0.0"
			}
		},
		"node_modules/@jridgewell/sourcemap-codec": {
			"version": "1.5.5",
			"dev": true,
			"license": "MIT"
		},
		"node_modules/@jridgewell/trace-mapping": {
			"version": "0.3.9",
			"dev": true,
			"license": "MIT",
			"dependencies": {
				"@jridgewell/resolve-uri": "^3.0.3",
				"@jridgewell/sourcemap-codec": "^1.4.10"
			}
		},
		"node_modules/@poppinss/colors": {
			"version": "4.1.5",
			"dev": true,
			"license": "MIT",
			"dependencies": {
				"kleur": "^4.1.5"
			}
		},
		"node_modules/@poppinss/dumper": {
			"version": "0.6.5",
			"dev": true,
			"license": "MIT",
			"dependencies": {
				"@poppinss/colors": "^4.1.5",
				"@sindresorhus/is": "^7.0.2",
				"supports-color": "^10.0.0"
			}
		},
		"node_modules/@poppinss/exception": {
			"version": "1.2.2",
			"dev": true,
			"license": "MIT"
		},
		"node_modules/@rollup/rollup-darwin-arm64": {
			"version": "4.53.3",
			"cpu": [
				"arm64"
			],
			"dev": true,
			"license": "MIT",
			"optional": true,
			"os": [
				"darwin"
			]
		},
		"node_modules/@sindresorhus/is": {
			"version": "7.1.1",
			"dev": true,
			"license": "MIT",
			"engines": {
				"node": ">=18"
			},
			"funding": {
				"url": "https://github.com/sindresorhus/is?sponsor=1"
			}
		},
		"node_modules/@speed-highlight/core": {
			"version": "1.2.12",
			"dev": true,
			"license": "CC0-1.0"
		},
		"node_modules/@types/chai": {
			"version": "5.2.3",
			"dev": true,
			"license": "MIT",
			"dependencies": {
				"@types/deep-eql": "*",
				"assertion-error": "^2.0.1"
			}
		},
		"node_modules/@types/deep-eql": {
			"version": "4.0.2",
			"dev": true,
			"license": "MIT"
		},
		"node_modules/@types/estree": {
			"version": "1.0.8",
			"dev": true,
			"license": "MIT"
		},
		"node_modules/@vitest/expect": {
			"version": "3.2.4",
			"dev": true,
			"license": "MIT",
			"dependencies": {
				"@types/chai": "^5.2.2",
				"@vitest/spy": "3.2.4",
				"@vitest/utils": "3.2.4",
				"chai": "^5.2.0",
				"tinyrainbow": "^2.0.0"
			},
			"funding": {
				"url": "https://opencollective.com/vitest"
			}
		},
		"node_modules/@vitest/mocker": {
			"version": "3.2.4",
			"dev": true,
			"license": "MIT",
			"dependencies": {
				"@vitest/spy": "3.2.4",
				"estree-walker": "^3.0.3",
				"magic-string": "^0.30.17"
			},
			"funding": {
				"url": "https://opencollective.com/vitest"
			},
			"peerDependencies": {
				"msw": "^2.4.9",
				"vite": "^5.0.0 || ^6.0.0 || ^7.0.0-0"
			},
			"peerDependenciesMeta": {
				"msw": {
					"optional": true
				},
				"vite": {
					"optional": true
				}
			}
		},
		"node_modules/@vitest/pretty-format": {
			"version": "3.2.4",
			"dev": true,
			"license": "MIT",
			"dependencies": {
				"tinyrainbow": "^2.0.0"
			},
			"funding": {
				"url": "https://opencollective.com/vitest"
			}
		},
		"node_modules/@vitest/runner": {
			"version": "3.2.4",
			"dev": true,
			"license": "MIT",
			"dependencies": {
				"@vitest/utils": "3.2.4",
				"pathe": "^2.0.3",
				"strip-literal": "^3.0.0"
			},
			"funding": {
				"url": "https://opencollective.com/vitest"
			}
		},
		"node_modules/@vitest/snapshot": {
			"version": "3.2.4",
			"dev": true,
			"license": "MIT",
			"dependencies": {
				"@vitest/pretty-format": "3.2.4",
				"magic-string": "^0.30.17",
				"pathe": "^2.0.3"
			},
			"funding": {
				"url": "https://opencollective.com/vitest"
			}
		},
		"node_modules/@vitest/spy": {
			"version": "3.2.4",
			"dev": true,
			"license": "MIT",
			"dependencies": {
				"tinyspy": "^4.0.3"
			},
			"funding": {
				"url": "https://opencollective.com/vitest"
			}
		},
		"node_modules/@vitest/utils": {
			"version": "3.2.4",
			"dev": true,
			"license": "MIT",
			"dependencies": {
				"@vitest/pretty-format": "3.2.4",
				"loupe": "^3.1.4",
				"tinyrainbow": "^2.0.0"
			},
			"funding": {
				"url": "https://opencollective.com/vitest"
			}
		},
		"node_modules/acorn": {
			"version": "8.14.0",
			"dev": true,
			"license": "MIT",
			"bin": {
				"acorn": "bin/acorn"
			},
			"engines": {
				"node": ">=0.4.0"
			}
		},
		"node_modules/acorn-walk": {
			"version": "8.3.2",
			"dev": true,
			"license": "MIT",
			"engines": {
				"node": ">=0.4.0"
			}
		},
		"node_modules/assertion-error": {
			"version": "2.0.1",
			"dev": true,
			"license": "MIT",
			"engines": {
				"node": ">=12"
			}
		},
		"node_modules/birpc": {
			"version": "0.2.14",
			"dev": true,
			"license": "MIT",
			"funding": {
				"url": "https://github.com/sponsors/antfu"
			}
		},
		"node_modules/blake3-wasm": {
			"version": "2.1.5",
			"dev": true,
			"license": "MIT"
		},
		"node_modules/cac": {
			"version": "6.7.14",
			"dev": true,
			"license": "MIT",
			"engines": {
				"node": ">=8"
			}
		},
		"node_modules/chai": {
			"version": "5.3.3",
			"dev": true,
			"license": "MIT",
			"dependencies": {
				"assertion-error": "^2.0.1",
				"check-error": "^2.1.1",
				"deep-eql": "^5.0.1",
				"loupe": "^3.1.0",
				"pathval": "^2.0.0"
			},
			"engines": {
				"node": ">=18"
			}
		},
		"node_modules/check-error": {
			"version": "2.1.1",
			"dev": true,
			"license": "MIT",
			"engines": {
				"node": ">= 16"
			}
		},
		"node_modules/cjs-module-lexer": {
			"version": "1.4.3",
			"dev": true,
			"license": "MIT"
		},
		"node_modules/color": {
			"version": "4.2.3",
			"dev": true,
			"license": "MIT",
			"dependencies": {
				"color-convert": "^2.0.1",
				"color-string": "^1.9.0"
			},
			"engines": {
				"node": ">=12.5.0"
			}
		},
		"node_modules/color-convert": {
			"version": "2.0.1",
			"dev": true,
			"license": "MIT",
			"dependencies": {
				"color-name": "~1.1.4"
			},
			"engines": {
				"node": ">=7.0.0"
			}
		},
		"node_modules/color-name": {
			"version": "1.1.4",
			"dev": true,
			"license": "MIT"
		},
		"node_modules/color-string": {
			"version": "1.9.1",
			"dev": true,
			"license": "MIT",
			"dependencies": {
				"color-name": "^1.0.0",
				"simple-swizzle": "^0.2.2"
			}
		},
		"node_modules/cookie": {
			"version": "1.1.1",
			"dev": true,
			"license": "MIT",
			"engines": {
				"node": ">=18"
			},
			"funding": {
				"type": "opencollective",
				"url": "https://opencollective.com/express"
			}
		},
		"node_modules/crypto-js": {
			"version": "4.2.0",
			"resolved": "https://registry.npmjs.org/crypto-js/-/crypto-js-4.2.0.tgz",
			"integrity": "sha512-KALDyEYgpY+Rlob/iriUtjV6d5Eq+Y191A5g4UqLAi8CyGP9N1+FdVbkc1SxKc2r4YAYqG8JzO2KGL+AizD70Q=="
		},
		"node_modules/debug": {
			"version": "4.4.3",
			"dev": true,
			"license": "MIT",
			"dependencies": {
				"ms": "^2.1.3"
			},
			"engines": {
				"node": ">=6.0"
			},
			"peerDependenciesMeta": {
				"supports-color": {
					"optional": true
				}
			}
		},
		"node_modules/deep-eql": {
			"version": "5.0.2",
			"dev": true,
			"license": "MIT",
			"engines": {
				"node": ">=6"
			}
		},
		"node_modules/defu": {
			"version": "6.1.4",
			"dev": true,
			"license": "MIT"
		},
		"node_modules/detect-libc": {
			"version": "2.1.2",
			"dev": true,
			"license": "Apache-2.0",
			"engines": {
				"node": ">=8"
			}
		},
		"node_modules/devalue": {
			"version": "5.5.0",
			"dev": true,
			"license": "MIT"
		},
		"node_modules/error-stack-parser-es": {
			"version": "1.0.5",
			"dev": true,
			"license": "MIT",
			"funding": {
				"url": "https://github.com/sponsors/antfu"
			}
		},
		"node_modules/es-module-lexer": {
			"version": "1.7.0",
			"dev": true,
			"license": "MIT"
		},
		"node_modules/esbuild": {
			"version": "0.25.12",
			"dev": true,
			"hasInstallScript": true,
			"license": "MIT",
			"bin": {
				"esbuild": "bin/esbuild"
			},
			"engines": {
				"node": ">=18"
			},
			"optionalDependencies": {
				"@esbuild/aix-ppc64": "0.25.12",
				"@esbuild/android-arm": "0.25.12",
				"@esbuild/android-arm64": "0.25.12",
				"@esbuild/android-x64": "0.25.12",
				"@esbuild/darwin-arm64": "0.25.12",
				"@esbuild/darwin-x64": "0.25.12",
				"@esbuild/freebsd-arm64": "0.25.12",
				"@esbuild/freebsd-x64": "0.25.12",
				"@esbuild/linux-arm": "0.25.12",
				"@esbuild/linux-arm64": "0.25.12",
				"@esbuild/linux-ia32": "0.25.12",
				"@esbuild/linux-loong64": "0.25.12",
				"@esbuild/linux-mips64el": "0.25.12",
				"@esbuild/linux-ppc64": "0.25.12",
				"@esbuild/linux-riscv64": "0.25.12",
				"@esbuild/linux-s390x": "0.25.12",
				"@esbuild/linux-x64": "0.25.12",
				"@esbuild/netbsd-arm64": "0.25.12",
				"@esbuild/netbsd-x64": "0.25.12",
				"@esbuild/openbsd-arm64": "0.25.12",
				"@esbuild/openbsd-x64": "0.25.12",
				"@esbuild/openharmony-arm64": "0.25.12",
				"@esbuild/sunos-x64": "0.25.12",
				"@esbuild/win32-arm64": "0.25.12",
				"@esbuild/win32-ia32": "0.25.12",
				"@esbuild/win32-x64": "0.25.12"
			}
		},
		"node_modules/estree-walker": {
			"version": "3.0.3",
			"dev": true,
			"license": "MIT",
			"dependencies": {
				"@types/estree": "^1.0.0"
			}
		},
		"node_modules/exit-hook": {
			"version": "2.2.1",
			"dev": true,
			"license": "MIT",
			"engines": {
				"node": ">=6"
			},
			"funding": {
				"url": "https://github.com/sponsors/sindresorhus"
			}
		},
		"node_modules/expect-type": {
			"version": "1.2.2",
			"dev": true,
			"license": "Apache-2.0",
			"engines": {
				"node": ">=12.0.0"
			}
		},
		"node_modules/exsolve": {
			"version": "1.0.8",
			"dev": true,
			"license": "MIT"
		},
		"node_modules/fdir": {
			"version": "6.5.0",
			"dev": true,
			"license": "MIT",
			"engines": {
				"node": ">=12.0.0"
			},
			"peerDependencies": {
				"picomatch": "^3 || ^4"
			},
			"peerDependenciesMeta": {
				"picomatch": {
					"optional": true
				}
			}
		},
		"node_modules/fsevents": {
			"version": "2.3.3",
			"dev": true,
			"license": "MIT",
			"optional": true,
			"os": [
				"darwin"
			],
			"engines": {
				"node": "^8.16.0 || ^10.6.0 || >=11.0.0"
			}
		},
		"node_modules/glob-to-regexp": {
			"version": "0.4.1",
			"dev": true,
			"license": "BSD-2-Clause"
		},
		"node_modules/is-arrayish": {
			"version": "0.3.4",
			"dev": true,
			"license": "MIT"
		},
		"node_modules/js-tokens": {
			"version": "9.0.1",
			"dev": true,
			"license": "MIT"
		},
		"node_modules/kleur": {
			"version": "4.1.5",
			"dev": true,
			"license": "MIT",
			"engines": {
				"node": ">=6"
			}
		},
		"node_modules/loupe": {
			"version": "3.2.1",
			"dev": true,
			"license": "MIT"
		},
		"node_modules/magic-string": {
			"version": "0.30.21",
			"dev": true,
			"license": "MIT",
			"dependencies": {
				"@jridgewell/sourcemap-codec": "^1.5.5"
			}
		},
		"node_modules/mime": {
			"version": "3.0.0",
			"dev": true,
			"license": "MIT",
			"bin": {
				"mime": "cli.js"
			},
			"engines": {
				"node": ">=10.0.0"
			}
		},
		"node_modules/miniflare": {
			"version": "4.20250906.0",
			"dev": true,
			"license": "MIT",
			"dependencies": {
				"@cspotcode/source-map-support": "0.8.1",
				"acorn": "8.14.0",
				"acorn-walk": "8.3.2",
				"exit-hook": "2.2.1",
				"glob-to-regexp": "0.4.1",
				"sharp": "^0.33.5",
				"stoppable": "1.1.0",
				"undici": "^7.10.0",
				"workerd": "1.20250906.0",
				"ws": "8.18.0",
				"youch": "4.1.0-beta.10",
				"zod": "3.22.3"
			},
			"bin": {
				"miniflare": "bootstrap.js"
			},
			"engines": {
				"node": ">=18.0.0"
			}
		},
		"node_modules/miniflare/node_modules/@cloudflare/workerd-darwin-64": {
			"version": "1.20250906.0",
			"resolved": "https://registry.npmjs.org/@cloudflare/workerd-darwin-64/-/workerd-darwin-64-1.20250906.0.tgz",
			"integrity": "sha512-E+X/YYH9BmX0ew2j/mAWFif2z05NMNuhCTlNYEGLkqMe99K15UewBqajL9pMcMUKxylnlrEoK3VNxl33DkbnPA==",
			"cpu": [
				"x64"
			],
			"dev": true,
			"optional": true,
			"os": [
				"darwin"
			],
			"engines": {
				"node": ">=16"
			}
		},
		"node_modules/miniflare/node_modules/@cloudflare/workerd-darwin-arm64": {
			"version": "1.20250906.0",
			"resolved": "https://registry.npmjs.org/@cloudflare/workerd-darwin-arm64/-/workerd-darwin-arm64-1.20250906.0.tgz",
			"integrity": "sha512-X5apsZ1SFW4FYTM19ISHf8005FJMPfrcf4U5rO0tdj+TeJgQgXuZ57IG0WeW7SpLVeBo8hM6WC8CovZh41AfnA==",
			"cpu": [
				"arm64"
			],
			"dev": true,
			"optional": true,
			"os": [
				"darwin"
			],
			"engines": {
				"node": ">=16"
			}
		},
		"node_modules/miniflare/node_modules/@cloudflare/workerd-linux-64": {
			"version": "1.20250906.0",
			"resolved": "https://registry.npmjs.org/@cloudflare/workerd-linux-64/-/workerd-linux-64-1.20250906.0.tgz",
			"integrity": "sha512-rlKzWgsLnlQ5Nt9W69YBJKcmTmZbOGu0edUsenXPmc6wzULUxoQpi7ZE9k3TfTonJx4WoQsQlzCUamRYFsX+0Q==",
			"cpu": [
				"x64"
			],
			"dev": true,
			"optional": true,
			"os": [
				"linux"
			],
			"engines": {
				"node": ">=16"
			}
		},
		"node_modules/miniflare/node_modules/@cloudflare/workerd-linux-arm64": {
			"version": "1.20250906.0",
			"resolved": "https://registry.npmjs.org/@cloudflare/workerd-linux-arm64/-/workerd-linux-arm64-1.20250906.0.tgz",
			"integrity": "sha512-DdedhiQ+SeLzpg7BpcLrIPEZ33QKioJQ1wvL4X7nuLzEB9rWzS37NNNahQzc1+44rhG4fyiHbXBPOeox4B9XVA==",
			"cpu": [
				"arm64"
			],
			"dev": true,
			"optional": true,
			"os": [
				"linux"
			],
			"engines": {
				"node": ">=16"
			}
		},
		"node_modules/miniflare/node_modules/@cloudflare/workerd-windows-64": {
			"version": "1.20250906.0",
			"resolved": "https://registry.npmjs.org/@cloudflare/workerd-windows-64/-/workerd-windows-64-1.20250906.0.tgz",
			"integrity": "sha512-Q8Qjfs8jGVILnZL6vUpQ90q/8MTCYaGR3d1LGxZMBqte8Vr7xF3KFHPEy7tFs0j0mMjnqCYzlofmPNY+9ZaDRg==",
			"cpu": [
				"x64"
			],
			"dev": true,
			"optional": true,
			"os": [
				"win32"
			],
			"engines": {
				"node": ">=16"
			}
		},
		"node_modules/miniflare/node_modules/workerd": {
			"version": "1.20250906.0",
			"resolved": "https://registry.npmjs.org/workerd/-/workerd-1.20250906.0.tgz",
			"integrity": "sha512-ryVyEaqXPPsr/AxccRmYZZmDAkfQVjhfRqrNTlEeN8aftBk6Ca1u7/VqmfOayjCXrA+O547TauebU+J3IpvFXw==",
			"dev": true,
			"hasInstallScript": true,
			"bin": {
				"workerd": "bin/workerd"
			},
			"engines": {
				"node": ">=16"
			},
			"optionalDependencies": {
				"@cloudflare/workerd-darwin-64": "1.20250906.0",
				"@cloudflare/workerd-darwin-arm64": "1.20250906.0",
				"@cloudflare/workerd-linux-64": "1.20250906.0",
				"@cloudflare/workerd-linux-arm64": "1.20250906.0",
				"@cloudflare/workerd-windows-64": "1.20250906.0"
			}
		},
		"node_modules/miniflare/node_modules/zod": {
			"version": "3.22.3",
			"dev": true,
			"license": "MIT",
			"funding": {
				"url": "https://github.com/sponsors/colinhacks"
			}
		},
		"node_modules/ms": {
			"version": "2.1.3",
			"dev": true,
			"license": "MIT"
		},
		"node_modules/nanoid": {
			"version": "3.3.11",
			"dev": true,
			"funding": [
				{
					"type": "github",
					"url": "https://github.com/sponsors/ai"
				}
			],
			"license": "MIT",
			"bin": {
				"nanoid": "bin/nanoid.cjs"
			},
			"engines": {
				"node": "^10 || ^12 || ^13.7 || ^14 || >=15.0.1"
			}
		},
		"node_modules/ohash": {
			"version": "2.0.11",
			"dev": true,
			"license": "MIT"
		},
		"node_modules/path-to-regexp": {
			"version": "6.3.0",
			"dev": true,
			"license": "MIT"
		},
		"node_modules/pathe": {
			"version": "2.0.3",
			"dev": true,
			"license": "MIT"
		},
		"node_modules/pathval": {
			"version": "2.0.1",
			"dev": true,
			"license": "MIT",
			"engines": {
				"node": ">= 14.16"
			}
		},
		"node_modules/picocolors": {
			"version": "1.1.1",
			"dev": true,
			"license": "ISC"
		},
		"node_modules/picomatch": {
			"version": "4.0.3",
			"dev": true,
			"license": "MIT",
			"engines": {
				"node": ">=12"
			},
			"funding": {
				"url": "https://github.com/sponsors/jonschlinkert"
			}
		},
		"node_modules/postcss": {
			"version": "8.5.6",
			"dev": true,
			"funding": [
				{
					"type": "opencollective",
					"url": "https://opencollective.com/postcss/"
				},
				{
					"type": "tidelift",
					"url": "https://tidelift.com/funding/github/npm/postcss"
				},
				{
					"type": "github",
					"url": "https://github.com/sponsors/ai"
				}
			],
			"license": "MIT",
			"dependencies": {
				"nanoid": "^3.3.11",
				"picocolors": "^1.1.1",
				"source-map-js": "^1.2.1"
			},
			"engines": {
				"node": "^10 || ^12 || >=14"
			}
		},
		"node_modules/rollup": {
			"version": "4.53.3",
			"dev": true,
			"license": "MIT",
			"dependencies": {
				"@types/estree": "1.0.8"
			},
			"bin": {
				"rollup": "dist/bin/rollup"
			},
			"engines": {
				"node": ">=18.0.0",
				"npm": ">=8.0.0"
			},
			"optionalDependencies": {
				"@rollup/rollup-android-arm-eabi": "4.53.3",
				"@rollup/rollup-android-arm64": "4.53.3",
				"@rollup/rollup-darwin-arm64": "4.53.3",
				"@rollup/rollup-darwin-x64": "4.53.3",
				"@rollup/rollup-freebsd-arm64": "4.53.3",
				"@rollup/rollup-freebsd-x64": "4.53.3",
				"@rollup/rollup-linux-arm-gnueabihf": "4.53.3",
				"@rollup/rollup-linux-arm-musleabihf": "4.53.3",
				"@rollup/rollup-linux-arm64-gnu": "4.53.3",
				"@rollup/rollup-linux-arm64-musl": "4.53.3",
				"@rollup/rollup-linux-loong64-gnu": "4.53.3",
				"@rollup/rollup-linux-ppc64-gnu": "4.53.3",
				"@rollup/rollup-linux-riscv64-gnu": "4.53.3",
				"@rollup/rollup-linux-riscv64-musl": "4.53.3",
				"@rollup/rollup-linux-s390x-gnu": "4.53.3",
				"@rollup/rollup-linux-x64-gnu": "4.53.3",
				"@rollup/rollup-linux-x64-musl": "4.53.3",
				"@rollup/rollup-openharmony-arm64": "4.53.3",
				"@rollup/rollup-win32-arm64-msvc": "4.53.3",
				"@rollup/rollup-win32-ia32-msvc": "4.53.3",
				"@rollup/rollup-win32-x64-gnu": "4.53.3",
				"@rollup/rollup-win32-x64-msvc": "4.53.3",
				"fsevents": "~2.3.2"
			}
		},
		"node_modules/semver": {
			"version": "7.7.3",
			"dev": true,
			"license": "ISC",
			"bin": {
				"semver": "bin/semver.js"
			},
			"engines": {
				"node": ">=10"
			}
		},
		"node_modules/sharp": {
			"version": "0.33.5",
			"dev": true,
			"hasInstallScript": true,
			"license": "Apache-2.0",
			"dependencies": {
				"color": "^4.2.3",
				"detect-libc": "^2.0.3",
				"semver": "^7.6.3"
			},
			"engines": {
				"node": "^18.17.0 || ^20.3.0 || >=21.0.0"
			},
			"funding": {
				"url": "https://opencollective.com/libvips"
			},
			"optionalDependencies": {
				"@img/sharp-darwin-arm64": "0.33.5",
				"@img/sharp-darwin-x64": "0.33.5",
				"@img/sharp-libvips-darwin-arm64": "1.0.4",
				"@img/sharp-libvips-darwin-x64": "1.0.4",
				"@img/sharp-libvips-linux-arm": "1.0.5",
				"@img/sharp-libvips-linux-arm64": "1.0.4",
				"@img/sharp-libvips-linux-s390x": "1.0.4",
				"@img/sharp-libvips-linux-x64": "1.0.4",
				"@img/sharp-libvips-linuxmusl-arm64": "1.0.4",
				"@img/sharp-libvips-linuxmusl-x64": "1.0.4",
				"@img/sharp-linux-arm": "0.33.5",
				"@img/sharp-linux-arm64": "0.33.5",
				"@img/sharp-linux-s390x": "0.33.5",
				"@img/sharp-linux-x64": "0.33.5",
				"@img/sharp-linuxmusl-arm64": "0.33.5",
				"@img/sharp-linuxmusl-x64": "0.33.5",
				"@img/sharp-wasm32": "0.33.5",
				"@img/sharp-win32-ia32": "0.33.5",
				"@img/sharp-win32-x64": "0.33.5"
			}
		},
		"node_modules/siginfo": {
			"version": "2.0.0",
			"dev": true,
			"license": "ISC"
		},
		"node_modules/simple-swizzle": {
			"version": "0.2.4",
			"dev": true,
			"license": "MIT",
			"dependencies": {
				"is-arrayish": "^0.3.1"
			}
		},
		"node_modules/source-map-js": {
			"version": "1.2.1",
			"dev": true,
			"license": "BSD-3-Clause",
			"engines": {
				"node": ">=0.10.0"
			}
		},
		"node_modules/stackback": {
			"version": "0.0.2",
			"dev": true,
			"license": "MIT"
		},
		"node_modules/std-env": {
			"version": "3.10.0",
			"dev": true,
			"license": "MIT"
		},
		"node_modules/stoppable": {
			"version": "1.1.0",
			"dev": true,
			"license": "MIT",
			"engines": {
				"node": ">=4",
				"npm": ">=6"
			}
		},
		"node_modules/strip-literal": {
			"version": "3.1.0",
			"dev": true,
			"license": "MIT",
			"dependencies": {
				"js-tokens": "^9.0.1"
			},
			"funding": {
				"url": "https://github.com/sponsors/antfu"
			}
		},
		"node_modules/supports-color": {
			"version": "10.2.2",
			"dev": true,
			"license": "MIT",
			"engines": {
				"node": ">=18"
			},
			"funding": {
				"url": "https://github.com/chalk/supports-color?sponsor=1"
			}
		},
		"node_modules/tinybench": {
			"version": "2.9.0",
			"dev": true,
			"license": "MIT"
		},
		"node_modules/tinyexec": {
			"version": "0.3.2",
			"dev": true,
			"license": "MIT"
		},
		"node_modules/tinyglobby": {
			"version": "0.2.15",
			"dev": true,
			"license": "MIT",
			"dependencies": {
				"fdir": "^6.5.0",
				"picomatch": "^4.0.3"
			},
			"engines": {
				"node": ">=12.0.0"
			},
			"funding": {
				"url": "https://github.com/sponsors/SuperchupuDev"
			}
		},
		"node_modules/tinypool": {
			"version": "1.1.1",
			"dev": true,
			"license": "MIT",
			"engines": {
				"node": "^18.0.0 || >=20.0.0"
			}
		},
		"node_modules/tinyrainbow": {
			"version": "2.0.0",
			"dev": true,
			"license": "MIT",
			"engines": {
				"node": ">=14.0.0"
			}
		},
		"node_modules/tinyspy": {
			"version": "4.0.4",
			"dev": true,
			"license": "MIT",
			"engines": {
				"node": ">=14.0.0"
			}
		},
		"node_modules/ufo": {
			"version": "1.6.1",
			"dev": true,
			"license": "MIT"
		},
		"node_modules/undici": {
			"version": "7.16.0",
			"dev": true,
			"license": "MIT",
			"engines": {
				"node": ">=20.18.1"
			}
		},
		"node_modules/unenv": {
			"version": "2.0.0-rc.24",
			"dev": true,
			"license": "MIT",
			"dependencies": {
				"pathe": "^2.0.3"
			}
		},
		"node_modules/vite": {
			"version": "7.2.6",
			"dev": true,
			"license": "MIT",
			"dependencies": {
				"esbuild": "^0.25.0",
				"fdir": "^6.5.0",
				"picomatch": "^4.0.3",
				"postcss": "^8.5.6",
				"rollup": "^4.43.0",
				"tinyglobby": "^0.2.15"
			},
			"bin": {
				"vite": "bin/vite.js"
			},
			"engines": {
				"node": "^20.19.0 || >=22.12.0"
			},
			"funding": {
				"url": "https://github.com/vitejs/vite?sponsor=1"
			},
			"optionalDependencies": {
				"fsevents": "~2.3.3"
			},
			"peerDependencies": {
				"@types/node": "^20.19.0 || >=22.12.0",
				"jiti": ">=1.21.0",
				"less": "^4.0.0",
				"lightningcss": "^1.21.0",
				"sass": "^1.70.0",
				"sass-embedded": "^1.70.0",
				"stylus": ">=0.54.8",
				"sugarss": "^5.0.0",
				"terser": "^5.16.0",
				"tsx": "^4.8.1",
				"yaml": "^2.4.2"
			},
			"peerDependenciesMeta": {
				"@types/node": {
					"optional": true
				},
				"jiti": {
					"optional": true
				},
				"less": {
					"optional": true
				},
				"lightningcss": {
					"optional": true
				},
				"sass": {
					"optional": true
				},
				"sass-embedded": {
					"optional": true
				},
				"stylus": {
					"optional": true
				},
				"sugarss": {
					"optional": true
				},
				"terser": {
					"optional": true
				},
				"tsx": {
					"optional": true
				},
				"yaml": {
					"optional": true
				}
			}
		},
		"node_modules/vite-node": {
			"version": "3.2.4",
			"dev": true,
			"license": "MIT",
			"dependencies": {
				"cac": "^6.7.14",
				"debug": "^4.4.1",
				"es-module-lexer": "^1.7.0",
				"pathe": "^2.0.3",
				"vite": "^5.0.0 || ^6.0.0 || ^7.0.0-0"
			},
			"bin": {
				"vite-node": "vite-node.mjs"
			},
			"engines": {
				"node": "^18.0.0 || ^20.0.0 || >=22.0.0"
			},
			"funding": {
				"url": "https://opencollective.com/vitest"
			}
		},
		"node_modules/vitest": {
			"version": "3.2.4",
			"dev": true,
			"license": "MIT",
			"dependencies": {
				"@types/chai": "^5.2.2",
				"@vitest/expect": "3.2.4",
				"@vitest/mocker": "3.2.4",
				"@vitest/pretty-format": "^3.2.4",
				"@vitest/runner": "3.2.4",
				"@vitest/snapshot": "3.2.4",
				"@vitest/spy": "3.2.4",
				"@vitest/utils": "3.2.4",
				"chai": "^5.2.0",
				"debug": "^4.4.1",
				"expect-type": "^1.2.1",
				"magic-string": "^0.30.17",
				"pathe": "^2.0.3",
				"picomatch": "^4.0.2",
				"std-env": "^3.9.0",
				"tinybench": "^2.9.0",
				"tinyexec": "^0.3.2",
				"tinyglobby": "^0.2.14",
				"tinypool": "^1.1.1",
				"tinyrainbow": "^2.0.0",
				"vite": "^5.0.0 || ^6.0.0 || ^7.0.0-0",
				"vite-node": "3.2.4",
				"why-is-node-running": "^2.3.0"
			},
			"bin": {
				"vitest": "vitest.mjs"
			},
			"engines": {
				"node": "^18.0.0 || ^20.0.0 || >=22.0.0"
			},
			"funding": {
				"url": "https://opencollective.com/vitest"
			},
			"peerDependencies": {
				"@edge-runtime/vm": "*",
				"@types/debug": "^4.1.12",
				"@types/node": "^18.0.0 || ^20.0.0 || >=22.0.0",
				"@vitest/browser": "3.2.4",
				"@vitest/ui": "3.2.4",
				"happy-dom": "*",
				"jsdom": "*"
			},
			"peerDependenciesMeta": {
				"@edge-runtime/vm": {
					"optional": true
				},
				"@types/debug": {
					"optional": true
				},
				"@types/node": {
					"optional": true
				},
				"@vitest/browser": {
					"optional": true
				},
				"@vitest/ui": {
					"optional": true
				},
				"happy-dom": {
					"optional": true
				},
				"jsdom": {
					"optional": true
				}
			}
		},
		"node_modules/why-is-node-running": {
			"version": "2.3.0",
			"dev": true,
			"license": "MIT",
			"dependencies": {
				"siginfo": "^2.0.0",
				"stackback": "0.0.2"
			},
			"bin": {
				"why-is-node-running": "cli.js"
			},
			"engines": {
				"node": ">=8"
			}
		},
		"node_modules/workerd": {
			"version": "1.20251202.0",
			"resolved": "https://registry.npmjs.org/workerd/-/workerd-1.20251202.0.tgz",
			"integrity": "sha512-p08YfrUMHkjCECNdT36r+6DpJIZX4kixbZ4n6GMUcLR5Gh18fakSCsiQrh72iOm4M9QHv/rM7P8YvCrUPWT5sg==",
			"dev": true,
			"hasInstallScript": true,
			"optional": true,
			"peer": true,
			"bin": {
				"workerd": "bin/workerd"
			},
			"engines": {
				"node": ">=16"
			},
			"optionalDependencies": {
				"@cloudflare/workerd-darwin-64": "1.20251202.0",
				"@cloudflare/workerd-darwin-arm64": "1.20251202.0",
				"@cloudflare/workerd-linux-64": "1.20251202.0",
				"@cloudflare/workerd-linux-arm64": "1.20251202.0",
				"@cloudflare/workerd-windows-64": "1.20251202.0"
			}
		},
		"node_modules/wrangler": {
			"version": "4.51.0",
			"dev": true,
			"license": "MIT OR Apache-2.0",
			"dependencies": {
				"@cloudflare/kv-asset-handler": "0.4.1",
				"@cloudflare/unenv-preset": "2.7.11",
				"blake3-wasm": "2.1.5",
				"esbuild": "0.25.4",
				"miniflare": "4.20251125.0",
				"path-to-regexp": "6.3.0",
				"unenv": "2.0.0-rc.24",
				"workerd": "1.20251125.0"
			},
			"bin": {
				"wrangler": "bin/wrangler.js",
				"wrangler2": "bin/wrangler.js"
			},
			"engines": {
				"node": ">=20.0.0"
			},
			"optionalDependencies": {
				"fsevents": "~2.3.2"
			},
			"peerDependencies": {
				"@cloudflare/workers-types": "^4.20251125.0"
			},
			"peerDependenciesMeta": {
				"@cloudflare/workers-types": {
					"optional": true
				}
			}
		},
		"node_modules/wrangler/node_modules/@cloudflare/workerd-darwin-64": {
			"version": "1.20251125.0",
			"resolved": "https://registry.npmjs.org/@cloudflare/workerd-darwin-64/-/workerd-darwin-64-1.20251125.0.tgz",
			"integrity": "sha512-xDIVJi8fPxBseRoEIzLiUJb0N+DXnah/ynS+Unzn58HEoKLetUWiV/T1Fhned//lo5krnToG9KRgVRs0SOOTpw==",
			"cpu": [
				"x64"
			],
			"dev": true,
			"optional": true,
			"os": [
				"darwin"
			],
			"engines": {
				"node": ">=16"
			}
		},
		"node_modules/wrangler/node_modules/@cloudflare/workerd-darwin-arm64": {
			"version": "1.20251125.0",
			"cpu": [
				"arm64"
			],
			"dev": true,
			"license": "Apache-2.0",
			"optional": true,
			"os": [
				"darwin"
			],
			"engines": {
				"node": ">=16"
			}
		},
		"node_modules/wrangler/node_modules/@cloudflare/workerd-linux-64": {
			"version": "1.20251125.0",
			"resolved": "https://registry.npmjs.org/@cloudflare/workerd-linux-64/-/workerd-linux-64-1.20251125.0.tgz",
			"integrity": "sha512-at6n/FomkftykWx0EqVLUZ0juUFz3ORtEPeBbW9ZZ3BQEyfVUtYfdcz/f1cN8Yyb7TE9ovF071P0mBRkx83ODw==",
			"cpu": [
				"x64"
			],
			"dev": true,
			"optional": true,
			"os": [
				"linux"
			],
			"engines": {
				"node": ">=16"
			}
		},
		"node_modules/wrangler/node_modules/@cloudflare/workerd-linux-arm64": {
			"version": "1.20251125.0",
			"resolved": "https://registry.npmjs.org/@cloudflare/workerd-linux-arm64/-/workerd-linux-arm64-1.20251125.0.tgz",
			"integrity": "sha512-EiRn+jrNaIs1QveabXGHFoyn3s/l02ui6Yp3nssyNhtmtgviddtt8KObBfM1jQKjXTpZlunhwdN4Bxf4jhlOMw==",
			"cpu": [
				"arm64"
			],
			"dev": true,
			"optional": true,
			"os": [
				"linux"
			],
			"engines": {
				"node": ">=16"
			}
		},
		"node_modules/wrangler/node_modules/@cloudflare/workerd-windows-64": {
			"version": "1.20251125.0",
			"resolved": "https://registry.npmjs.org/@cloudflare/workerd-windows-64/-/workerd-windows-64-1.20251125.0.tgz",
			"integrity": "sha512-6fdIsSeu65g++k8Y2DKzNKs0BkoU+KKI6GAAVBOLh2vvVWWnCP1OgMdVb5JAdjDrjDT5i0GSQu0bgQ8fPsW6zw==",
			"cpu": [
				"x64"
			],
			"dev": true,
			"optional": true,
			"os": [
				"win32"
			],
			"engines": {
				"node": ">=16"
			}
		},
		"node_modules/wrangler/node_modules/@esbuild/darwin-arm64": {
			"version": "0.25.4",
			"cpu": [
				"arm64"
			],
			"dev": true,
			"license": "MIT",
			"optional": true,
			"os": [
				"darwin"
			],
			"engines": {
				"node": ">=18"
			}
		},
		"node_modules/wrangler/node_modules/esbuild": {
			"version": "0.25.4",
			"dev": true,
			"hasInstallScript": true,
			"license": "MIT",
			"bin": {
				"esbuild": "bin/esbuild"
			},
			"engines": {
				"node": ">=18"
			},
			"optionalDependencies": {
				"@esbuild/aix-ppc64": "0.25.4",
				"@esbuild/android-arm": "0.25.4",
				"@esbuild/android-arm64": "0.25.4",
				"@esbuild/android-x64": "0.25.4",
				"@esbuild/darwin-arm64": "0.25.4",
				"@esbuild/darwin-x64": "0.25.4",
				"@esbuild/freebsd-arm64": "0.25.4",
				"@esbuild/freebsd-x64": "0.25.4",
				"@esbuild/linux-arm": "0.25.4",
				"@esbuild/linux-arm64": "0.25.4",
				"@esbuild/linux-ia32": "0.25.4",
				"@esbuild/linux-loong64": "0.25.4",
				"@esbuild/linux-mips64el": "0.25.4",
				"@esbuild/linux-ppc64": "0.25.4",
				"@esbuild/linux-riscv64": "0.25.4",
				"@esbuild/linux-s390x": "0.25.4",
				"@esbuild/linux-x64": "0.25.4",
				"@esbuild/netbsd-arm64": "0.25.4",
				"@esbuild/netbsd-x64": "0.25.4",
				"@esbuild/openbsd-arm64": "0.25.4",
				"@esbuild/openbsd-x64": "0.25.4",
				"@esbuild/sunos-x64": "0.25.4",
				"@esbuild/win32-arm64": "0.25.4",
				"@esbuild/win32-ia32": "0.25.4",
				"@esbuild/win32-x64": "0.25.4"
			}
		},
		"node_modules/wrangler/node_modules/miniflare": {
			"version": "4.20251125.0",
			"dev": true,
			"license": "MIT",
			"dependencies": {
				"@cspotcode/source-map-support": "0.8.1",
				"acorn": "8.14.0",
				"acorn-walk": "8.3.2",
				"exit-hook": "2.2.1",
				"glob-to-regexp": "0.4.1",
				"sharp": "^0.33.5",
				"stoppable": "1.1.0",
				"undici": "7.14.0",
				"workerd": "1.20251125.0",
				"ws": "8.18.0",
				"youch": "4.1.0-beta.10",
				"zod": "3.22.3"
			},
			"bin": {
				"miniflare": "bootstrap.js"
			},
			"engines": {
				"node": ">=18.0.0"
			}
		},
		"node_modules/wrangler/node_modules/undici": {
			"version": "7.14.0",
			"dev": true,
			"license": "MIT",
			"engines": {
				"node": ">=20.18.1"
			}
		},
		"node_modules/wrangler/node_modules/workerd": {
			"version": "1.20251125.0",
			"dev": true,
			"hasInstallScript": true,
			"license": "Apache-2.0",
			"bin": {
				"workerd": "bin/workerd"
			},
			"engines": {
				"node": ">=16"
			},
			"optionalDependencies": {
				"@cloudflare/workerd-darwin-64": "1.20251125.0",
				"@cloudflare/workerd-darwin-arm64": "1.20251125.0",
				"@cloudflare/workerd-linux-64": "1.20251125.0",
				"@cloudflare/workerd-linux-arm64": "1.20251125.0",
				"@cloudflare/workerd-windows-64": "1.20251125.0"
			}
		},
		"node_modules/wrangler/node_modules/zod": {
			"version": "3.22.3",
			"dev": true,
			"license": "MIT",
			"funding": {
				"url": "https://github.com/sponsors/colinhacks"
			}
		},
		"node_modules/ws": {
			"version": "8.18.0",
			"dev": true,
			"license": "MIT",
			"engines": {
				"node": ">=10.0.0"
			},
			"peerDependencies": {
				"bufferutil": "^4.0.1",
				"utf-8-validate": ">=5.0.2"
			},
			"peerDependenciesMeta": {
				"bufferutil": {
					"optional": true
				},
				"utf-8-validate": {
					"optional": true
				}
			}
		},
		"node_modules/youch": {
			"version": "4.1.0-beta.10",
			"dev": true,
			"license": "MIT",
			"dependencies": {
				"@poppinss/colors": "^4.1.5",
				"@poppinss/dumper": "^0.6.4",
				"@speed-highlight/core": "^1.2.7",
				"cookie": "^1.0.2",
				"youch-core": "^0.3.3"
			}
		},
		"node_modules/youch-core": {
			"version": "0.3.3",
			"dev": true,
			"license": "MIT",
			"dependencies": {
				"@poppinss/exception": "^1.2.2",
				"error-stack-parser-es": "^1.0.5"
			}
		},
		"node_modules/zod": {
			"version": "3.25.76",
			"dev": true,
			"license": "MIT",
			"funding": {
				"url": "https://github.com/sponsors/colinhacks"
			}
		}
	}
}
